
Microsoft Visual Studio Solution File, Format Version 12.00
# Visual Studio Version 17
VisualStudioVersion = 17.7.34031.279
MinimumVisualStudioVersion = 10.0.40219.1
Project("{9A19103F-16F7-4668-BE54-9A1E7A4F7556}") = "Log4Net.Appenders.RabbitMQ", "Log4Net.Appenders.RabbitMQ\Log4Net.Appenders.RabbitMQ.csproj", "{3E7A4BFC-DADE-4186-830F-BB7473B2F76B}"
EndProject
Project("{9A19103F-16F7-4668-BE54-9A1E7A4F7556}") = "RabbitMQAppenderSenderDemo", "RabbitMQAppenderSenderDemo\RabbitMQAppenderSenderDemo.csproj", "{8407A3AD-E32F-4A55-AEDC-D52CCAF60EE8}"
EndProject
Project("{FAE04EC0-301F-11D3-BF4B-00C04F79EFBC}") = "RabbitMQAppenderReceiverDemo", "RabbitMQAppenderReceiverDemo\RabbitMQAppenderReceiverDemo\RabbitMQAppenderReceiverDemo.csproj", "{C8E38FE3-4A60-469E-900F-BC4C8C6B4BAA}"
EndProject
Global
	GlobalSection(SolutionConfigurationPlatforms) = preSolution
		Debug|Any CPU = Debug|Any CPU
		Release|Any CPU = Release|Any CPU
	EndGlobalSection
	GlobalSection(ProjectConfigurationPlatforms) = postSolution
		{3E7A4BFC-DADE-4186-830F-BB7473B2F76B}.Debug|Any CPU.ActiveCfg = Debug|Any CPU
		{3E7A4BFC-DADE-4186-830F-BB7473B2F76B}.Debug|Any CPU.Build.0 = Debug|Any CPU
		{3E7A4BFC-DADE-4186-830F-BB7473B2F76B}.Release|Any CPU.ActiveCfg = Release|Any CPU
		{3E7A4BFC-DADE-4186-830F-BB7473B2F76B}.Release|Any CPU.Build.0 = Release|Any CPU
		{8407A3AD-E32F-4A55-AEDC-D52CCAF60EE8}.Debug|Any CPU.ActiveCfg = Debug|Any CPU
		{8407A3AD-E32F-4A55-AEDC-D52CCAF60EE8}.Debug|Any CPU.Build.0 = Debug|Any CPU
		{8407A3AD-E32F-4A55-AEDC-D52CCAF60EE8}.Release|Any CPU.ActiveCfg = Release|Any CPU
		{8407A3AD-E32F-4A55-AEDC-D52CCAF60EE8}.Release|Any CPU.Build.0 = Release|Any CPU
		{C8E38FE3-4A60-469E-900F-BC4C8C6B4BAA}.Debug|Any CPU.ActiveCfg = Debug|Any CPU
		{C8E38FE3-4A60-469E-900F-BC4C8C6B4BAA}.Debug|Any CPU.Build.0 = Debug|Any CPU
		{C8E38FE3-4A60-469E-900F-BC4C8C6B4BAA}.Release|Any CPU.ActiveCfg = Release|Any CPU
		{C8E38FE3-4A60-469E-900F-BC4C8C6B4BAA}.Release|Any CPU.Build.0 = Release|Any CPU
	EndGlobalSection
	GlobalSection(SolutionProperties) = preSolution
		HideSolutionNode = FALSE
	EndGlobalSection
	GlobalSection(ExtensibilityGlobals) = postSolution
		SolutionGuid = {2E3B8B85-30DF-4BD0-928F-A07174EC0F77}
	EndGlobalSection
EndGlobal
